{
  "name": "TB_optimizer",
  "lockfileVersion": 3,
  "requires": true,
  "packages": {
    "": {
      "dependencies": {
        "prettier": "^3.5.3"
      },
      "devDependencies": {
        "@types/google-apps-script": "^1.0.97"
      }
    },
    "node_modules/@types/google-apps-script": {
      "version": "1.0.97",
      "resolved": "https://registry.npmjs.org/@types/google-apps-script/-/google-apps-script-1.0.97.tgz",
      "integrity": "sha512-T8hpQ4Yi7AUvd4fnzHfmo0joGG0j1GUC8TywvRtnKgTAv0vU/DXy4nNgw4VfcOD9ZDdJc0rGoZvWhHORipzFNQ==",
      "dev": true,
      "license": "MIT"
    },
    "node_modules/prettier": {
      "version": "3.5.3",
      "resolved": "https://registry.npmjs.org/prettier/-/prettier-3.5.3.tgz",
      "integrity": "sha512-QQtaxnoDJeAkDvDKWCLiwIXkTgRhwYDEQCghU9Z6q03iyek/rxRh/2lC3HB7P8sWT2xC/y5JDctPLBIGzHKbhw==",
      "license": "MIT",
      "bin": {
        "prettier": "bin/prettier.cjs"
      },
      "engines": {
        "node": ">=14"
      },
      "funding": {
        "url": "https://github.com/prettier/prettier?sponsor=1"
      }
    }
  }
}
